
Microsoft Visual Studio Solution File, Format Version 12.00
# Visual Studio Version 17
VisualStudioVersion = 17.5.002.0
MinimumVisualStudioVersion = 10.0.40219.1
Project("{2150E333-8FDC-42A3-9474-1A3956D46DE8}") = "csharp-prep", "csharp-prep", "{A81DD4A9-957A-43A0-98B4-4FE8147FE151}"
EndProject
Project("{9A19103F-16F7-4668-BE54-9A1E7A4F7556}") = "Prep1", "csharp-prep\Prep1\Prep1.csproj", "{B18E533D-2428-448E-A285-B0D7C5C891C8}"
EndProject
Project("{9A19103F-16F7-4668-BE54-9A1E7A4F7556}") = "Prep2", "csharp-prep\Prep2\Prep2.csproj", "{C5500553-E389-4CD6-869B-B67D14FFA13C}"
EndProject
Project("{9A19103F-16F7-4668-BE54-9A1E7A4F7556}") = "Prep3", "csharp-prep\Prep3\Prep3.csproj", "{485A0283-A84B-41BD-87DE-60D57EE409F9}"
EndProject
Project("{9A19103F-16F7-4668-BE54-9A1E7A4F7556}") = "Prep4", "csharp-prep\Prep4\Prep4.csproj", "{75E64F5A-CF49-4430-A4A4-599A8829851D}"
EndProject
Project("{9A19103F-16F7-4668-BE54-9A1E7A4F7556}") = "Prep5", "csharp-prep\Prep5\Prep5.csproj", "{4FA6B051-1C8C-409E-860E-5A1EB1A0E011}"
EndProject
Project("{2150E333-8FDC-42A3-9474-1A3956D46DE8}") = "final", "final", "{3D115CEB-A5D2-4342-8BF2-ADDFAB2E76D0}"
EndProject
Project("{9A19103F-16F7-4668-BE54-9A1E7A4F7556}") = "FinalProject", "final\FinalProject\FinalProject.csproj", "{104D9C23-0C15-4FCC-A087-8FE64083FE75}"
EndProject
Project("{9A19103F-16F7-4668-BE54-9A1E7A4F7556}") = "Foundation1", "final\Foundation1\Foundation1.csproj", "{4C178267-9604-4E47-96FD-8824B50B3962}"
EndProject
Project("{9A19103F-16F7-4668-BE54-9A1E7A4F7556}") = "Foundation2", "final\Foundation2\Foundation2.csproj", "{2846D981-E948-49B3-ADC8-0EF419C4A84B}"
EndProject
Project("{9A19103F-16F7-4668-BE54-9A1E7A4F7556}") = "Foundation3", "final\Foundation3\Foundation3.csproj", "{8CB3195F-41A3-45CC-8653-49D67B24ADF7}"
EndProject
Project("{9A19103F-16F7-4668-BE54-9A1E7A4F7556}") = "Foundation4", "final\Foundation4\Foundation4.csproj", "{654191D0-78C2-48CD-81EA-72EE346A10EC}"
EndProject
Project("{2150E333-8FDC-42A3-9474-1A3956D46DE8}") = "prepare", "prepare", "{D5D3DDE3-5871-4800-948A-5A89A7E76199}"
EndProject
Project("{9A19103F-16F7-4668-BE54-9A1E7A4F7556}") = "Learning02", "prepare\Learning02\Learning02.csproj", "{AEF63EE0-90DD-4425-8D6D-A29AB540F351}"
EndProject
Project("{9A19103F-16F7-4668-BE54-9A1E7A4F7556}") = "Learning03", "prepare\Learning03\Learning03.csproj", "{2D3638D9-C4F2-475E-A703-67235AABC019}"
EndProject
Project("{9A19103F-16F7-4668-BE54-9A1E7A4F7556}") = "Learning04", "prepare\Learning04\Learning04.csproj", "{004B68CD-8A6C-4F9A-9BBC-3E86D60F07C1}"
EndProject
Project("{9A19103F-16F7-4668-BE54-9A1E7A4F7556}") = "Learning05", "prepare\Learning05\Learning05.csproj", "{6908C9E7-4453-404D-B25F-19F85F51F6A9}"
EndProject
Project("{2150E333-8FDC-42A3-9474-1A3956D46DE8}") = "prove", "prove", "{61FB0932-48C8-4F8F-A5E0-56B9149E8F2B}"
EndProject
Project("{9A19103F-16F7-4668-BE54-9A1E7A4F7556}") = "Develop02", "prove\Develop02\Develop02.csproj", "{17602611-5065-4B23-999C-117E78A06642}"
EndProject
Project("{9A19103F-16F7-4668-BE54-9A1E7A4F7556}") = "Develop03", "prove\Develop03\Develop03.csproj", "{7411F758-3E5E-4613-B285-F74DF971BEC3}"
EndProject
Project("{9A19103F-16F7-4668-BE54-9A1E7A4F7556}") = "Develop04", "prove\Develop04\Develop04.csproj", "{F7636CED-21BB-455D-ADFE-B75E33049CB5}"
EndProject
Project("{9A19103F-16F7-4668-BE54-9A1E7A4F7556}") = "Develop05", "prove\Develop05\Develop05.csproj", "{7F44E683-CD18-4A2A-8DDD-078AFBB65203}"
EndProject
Project("{2150E333-8FDC-42A3-9474-1A3956D46DE8}") = "sandbox", "sandbox", "{C79428AD-4064-400D-A736-1E66280F0DB8}"
EndProject
Project("{9A19103F-16F7-4668-BE54-9A1E7A4F7556}") = "Sandbox", "sandbox\Sandbox\Sandbox.csproj", "{91121F94-06AF-4531-84B1-1682B5F12BD5}"
EndProject
Global
	GlobalSection(SolutionConfigurationPlatforms) = preSolution
		Debug|Any CPU = Debug|Any CPU
		Release|Any CPU = Release|Any CPU
	EndGlobalSection
	GlobalSection(ProjectConfigurationPlatforms) = postSolution
		{B18E533D-2428-448E-A285-B0D7C5C891C8}.Debug|Any CPU.ActiveCfg = Debug|Any CPU
		{B18E533D-2428-448E-A285-B0D7C5C891C8}.Debug|Any CPU.Build.0 = Debug|Any CPU
		{B18E533D-2428-448E-A285-B0D7C5C891C8}.Release|Any CPU.ActiveCfg = Release|Any CPU
		{B18E533D-2428-448E-A285-B0D7C5C891C8}.Release|Any CPU.Build.0 = Release|Any CPU
		{C5500553-E389-4CD6-869B-B67D14FFA13C}.Debug|Any CPU.ActiveCfg = Debug|Any CPU
		{C5500553-E389-4CD6-869B-B67D14FFA13C}.Debug|Any CPU.Build.0 = Debug|Any CPU
		{C5500553-E389-4CD6-869B-B67D14FFA13C}.Release|Any CPU.ActiveCfg = Release|Any CPU
		{C5500553-E389-4CD6-869B-B67D14FFA13C}.Release|Any CPU.Build.0 = Release|Any CPU
		{485A0283-A84B-41BD-87DE-60D57EE409F9}.Debug|Any CPU.ActiveCfg = Debug|Any CPU
		{485A0283-A84B-41BD-87DE-60D57EE409F9}.Debug|Any CPU.Build.0 = Debug|Any CPU
		{485A0283-A84B-41BD-87DE-60D57EE409F9}.Release|Any CPU.ActiveCfg = Release|Any CPU
		{485A0283-A84B-41BD-87DE-60D57EE409F9}.Release|Any CPU.Build.0 = Release|Any CPU
		{75E64F5A-CF49-4430-A4A4-599A8829851D}.Debug|Any CPU.ActiveCfg = Debug|Any CPU
		{75E64F5A-CF49-4430-A4A4-599A8829851D}.Debug|Any CPU.Build.0 = Debug|Any CPU
		{75E64F5A-CF49-4430-A4A4-599A8829851D}.Release|Any CPU.ActiveCfg = Release|Any CPU
		{75E64F5A-CF49-4430-A4A4-599A8829851D}.Release|Any CPU.Build.0 = Release|Any CPU
		{4FA6B051-1C8C-409E-860E-5A1EB1A0E011}.Debug|Any CPU.ActiveCfg = Debug|Any CPU
		{4FA6B051-1C8C-409E-860E-5A1EB1A0E011}.Debug|Any CPU.Build.0 = Debug|Any CPU
		{4FA6B051-1C8C-409E-860E-5A1EB1A0E011}.Release|Any CPU.ActiveCfg = Release|Any CPU
		{4FA6B051-1C8C-409E-860E-5A1EB1A0E011}.Release|Any CPU.Build.0 = Release|Any CPU
		{104D9C23-0C15-4FCC-A087-8FE64083FE75}.Debug|Any CPU.ActiveCfg = Debug|Any CPU
		{104D9C23-0C15-4FCC-A087-8FE64083FE75}.Debug|Any CPU.Build.0 = Debug|Any CPU
		{104D9C23-0C15-4FCC-A087-8FE64083FE75}.Release|Any CPU.ActiveCfg = Release|Any CPU
		{104D9C23-0C15-4FCC-A087-8FE64083FE75}.Release|Any CPU.Build.0 = Release|Any CPU
		{4C178267-9604-4E47-96FD-8824B50B3962}.Debug|Any CPU.ActiveCfg = Debug|Any CPU
		{4C178267-9604-4E47-96FD-8824B50B3962}.Debug|Any CPU.Build.0 = Debug|Any CPU
		{4C178267-9604-4E47-96FD-8824B50B3962}.Release|Any CPU.ActiveCfg = Release|Any CPU
		{4C178267-9604-4E47-96FD-8824B50B3962}.Release|Any CPU.Build.0 = Release|Any CPU
		{2846D981-E948-49B3-ADC8-0EF419C4A84B}.Debug|Any CPU.ActiveCfg = Debug|Any CPU
		{2846D981-E948-49B3-ADC8-0EF419C4A84B}.Debug|Any CPU.Build.0 = Debug|Any CPU
		{2846D981-E948-49B3-ADC8-0EF419C4A84B}.Release|Any CPU.ActiveCfg = Release|Any CPU
		{2846D981-E948-49B3-ADC8-0EF419C4A84B}.Release|Any CPU.Build.0 = Release|Any CPU
		{8CB3195F-41A3-45CC-8653-49D67B24ADF7}.Debug|Any CPU.ActiveCfg = Debug|Any CPU
		{8CB3195F-41A3-45CC-8653-49D67B24ADF7}.Debug|Any CPU.Build.0 = Debug|Any CPU
		{8CB3195F-41A3-45CC-8653-49D67B24ADF7}.Release|Any CPU.ActiveCfg = Release|Any CPU
		{8CB3195F-41A3-45CC-8653-49D67B24ADF7}.Release|Any CPU.Build.0 = Release|Any CPU
		{654191D0-78C2-48CD-81EA-72EE346A10EC}.Debug|Any CPU.ActiveCfg = Debug|Any CPU
		{654191D0-78C2-48CD-81EA-72EE346A10EC}.Debug|Any CPU.Build.0 = Debug|Any CPU
		{654191D0-78C2-48CD-81EA-72EE346A10EC}.Release|Any CPU.ActiveCfg = Release|Any CPU
		{654191D0-78C2-48CD-81EA-72EE346A10EC}.Release|Any CPU.Build.0 = Release|Any CPU
		{AEF63EE0-90DD-4425-8D6D-A29AB540F351}.Debug|Any CPU.ActiveCfg = Debug|Any CPU
		{AEF63EE0-90DD-4425-8D6D-A29AB540F351}.Debug|Any CPU.Build.0 = Debug|Any CPU
		{AEF63EE0-90DD-4425-8D6D-A29AB540F351}.Release|Any CPU.ActiveCfg = Release|Any CPU
		{AEF63EE0-90DD-4425-8D6D-A29AB540F351}.Release|Any CPU.Build.0 = Release|Any CPU
		{2D3638D9-C4F2-475E-A703-67235AABC019}.Debug|Any CPU.ActiveCfg = Debug|Any CPU
		{2D3638D9-C4F2-475E-A703-67235AABC019}.Debug|Any CPU.Build.0 = Debug|Any CPU
		{2D3638D9-C4F2-475E-A703-67235AABC019}.Release|Any CPU.ActiveCfg = Release|Any CPU
		{2D3638D9-C4F2-475E-A703-67235AABC019}.Release|Any CPU.Build.0 = Release|Any CPU
		{004B68CD-8A6C-4F9A-9BBC-3E86D60F07C1}.Debug|Any CPU.ActiveCfg = Debug|Any CPU
		{004B68CD-8A6C-4F9A-9BBC-3E86D60F07C1}.Debug|Any CPU.Build.0 = Debug|Any CPU
		{004B68CD-8A6C-4F9A-9BBC-3E86D60F07C1}.Release|Any CPU.ActiveCfg = Release|Any CPU
		{004B68CD-8A6C-4F9A-9BBC-3E86D60F07C1}.Release|Any CPU.Build.0 = Release|Any CPU
		{6908C9E7-4453-404D-B25F-19F85F51F6A9}.Debug|Any CPU.ActiveCfg = Debug|Any CPU
		{6908C9E7-4453-404D-B25F-19F85F51F6A9}.Debug|Any CPU.Build.0 = Debug|Any CPU
		{6908C9E7-4453-404D-B25F-19F85F51F6A9}.Release|Any CPU.ActiveCfg = Release|Any CPU
		{6908C9E7-4453-404D-B25F-19F85F51F6A9}.Release|Any CPU.Build.0 = Release|Any CPU
		{17602611-5065-4B23-999C-117E78A06642}.Debug|Any CPU.ActiveCfg = Debug|Any CPU
		{17602611-5065-4B23-999C-117E78A06642}.Debug|Any CPU.Build.0 = Debug|Any CPU
		{17602611-5065-4B23-999C-117E78A06642}.Release|Any CPU.ActiveCfg = Release|Any CPU
		{17602611-5065-4B23-999C-117E78A06642}.Release|Any CPU.Build.0 = Release|Any CPU
		{7411F758-3E5E-4613-B285-F74DF971BEC3}.Debug|Any CPU.ActiveCfg = Debug|Any CPU
		{7411F758-3E5E-4613-B285-F74DF971BEC3}.Debug|Any CPU.Build.0 = Debug|Any CPU
		{7411F758-3E5E-4613-B285-F74DF971BEC3}.Release|Any CPU.ActiveCfg = Release|Any CPU
		{7411F758-3E5E-4613-B285-F74DF971BEC3}.Release|Any CPU.Build.0 = Release|Any CPU
		{F7636CED-21BB-455D-ADFE-B75E33049CB5}.Debug|Any CPU.ActiveCfg = Debug|Any CPU
		{F7636CED-21BB-455D-ADFE-B75E33049CB5}.Debug|Any CPU.Build.0 = Debug|Any CPU
		{F7636CED-21BB-455D-ADFE-B75E33049CB5}.Release|Any CPU.ActiveCfg = Release|Any CPU
		{F7636CED-21BB-455D-ADFE-B75E33049CB5}.Release|Any CPU.Build.0 = Release|Any CPU
		{7F44E683-CD18-4A2A-8DDD-078AFBB65203}.Debug|Any CPU.ActiveCfg = Debug|Any CPU
		{7F44E683-CD18-4A2A-8DDD-078AFBB65203}.Debug|Any CPU.Build.0 = Debug|Any CPU
		{7F44E683-CD18-4A2A-8DDD-078AFBB65203}.Release|Any CPU.ActiveCfg = Release|Any CPU
		{7F44E683-CD18-4A2A-8DDD-078AFBB65203}.Release|Any CPU.Build.0 = Release|Any CPU
		{91121F94-06AF-4531-84B1-1682B5F12BD5}.Debug|Any CPU.ActiveCfg = Debug|Any CPU
		{91121F94-06AF-4531-84B1-1682B5F12BD5}.Debug|Any CPU.Build.0 = Debug|Any CPU
		{91121F94-06AF-4531-84B1-1682B5F12BD5}.Release|Any CPU.ActiveCfg = Release|Any CPU
		{91121F94-06AF-4531-84B1-1682B5F12BD5}.Release|Any CPU.Build.0 = Release|Any CPU
	EndGlobalSection
	GlobalSection(SolutionProperties) = preSolution
		HideSolutionNode = FALSE
	EndGlobalSection
	GlobalSection(NestedProjects) = preSolution
		{B18E533D-2428-448E-A285-B0D7C5C891C8} = {A81DD4A9-957A-43A0-98B4-4FE8147FE151}
		{C5500553-E389-4CD6-869B-B67D14FFA13C} = {A81DD4A9-957A-43A0-98B4-4FE8147FE151}
		{485A0283-A84B-41BD-87DE-60D57EE409F9} = {A81DD4A9-957A-43A0-98B4-4FE8147FE151}
		{75E64F5A-CF49-4430-A4A4-599A8829851D} = {A81DD4A9-957A-43A0-98B4-4FE8147FE151}
		{4FA6B051-1C8C-409E-860E-5A1EB1A0E011} = {A81DD4A9-957A-43A0-98B4-4FE8147FE151}
		{104D9C23-0C15-4FCC-A087-8FE64083FE75} = {3D115CEB-A5D2-4342-8BF2-ADDFAB2E76D0}
		{4C178267-9604-4E47-96FD-8824B50B3962} = {3D115CEB-A5D2-4342-8BF2-ADDFAB2E76D0}
		{2846D981-E948-49B3-ADC8-0EF419C4A84B} = {3D115CEB-A5D2-4342-8BF2-ADDFAB2E76D0}
		{8CB3195F-41A3-45CC-8653-49D67B24ADF7} = {3D115CEB-A5D2-4342-8BF2-ADDFAB2E76D0}
		{654191D0-78C2-48CD-81EA-72EE346A10EC} = {3D115CEB-A5D2-4342-8BF2-ADDFAB2E76D0}
		{AEF63EE0-90DD-4425-8D6D-A29AB540F351} = {D5D3DDE3-5871-4800-948A-5A89A7E76199}
		{2D3638D9-C4F2-475E-A703-67235AABC019} = {D5D3DDE3-5871-4800-948A-5A89A7E76199}
		{004B68CD-8A6C-4F9A-9BBC-3E86D60F07C1} = {D5D3DDE3-5871-4800-948A-5A89A7E76199}
		{6908C9E7-4453-404D-B25F-19F85F51F6A9} = {D5D3DDE3-5871-4800-948A-5A89A7E76199}
		{17602611-5065-4B23-999C-117E78A06642} = {61FB0932-48C8-4F8F-A5E0-56B9149E8F2B}
		{7411F758-3E5E-4613-B285-F74DF971BEC3} = {61FB0932-48C8-4F8F-A5E0-56B9149E8F2B}
		{F7636CED-21BB-455D-ADFE-B75E33049CB5} = {61FB0932-48C8-4F8F-A5E0-56B9149E8F2B}
		{7F44E683-CD18-4A2A-8DDD-078AFBB65203} = {61FB0932-48C8-4F8F-A5E0-56B9149E8F2B}
		{91121F94-06AF-4531-84B1-1682B5F12BD5} = {C79428AD-4064-400D-A736-1E66280F0DB8}
	EndGlobalSection
	GlobalSection(ExtensibilityGlobals) = postSolution
		SolutionGuid = {3451A44C-57C0-4F02-ABB5-0BEDA716E024}
	EndGlobalSection
EndGlobal
